
Microsoft Visual Studio Solution File, Format Version 12.00
# Visual Studio Version 17
VisualStudioVersion = 17.3.32825.248
MinimumVisualStudioVersion = 10.0.40219.1
Project("{FAE04EC0-301F-11D3-BF4B-00C04F79EFBC}") = "ACT7_CourseLevriers", "ACT7_CourseLevriers\ACT7_CourseLevriers.csproj", "{64C98343-215F-4EF6-993C-16C679C67FCB}"
EndProject
Global
	GlobalSection(SolutionConfigurationPlatforms) = preSolution
		Debug|Any CPU = Debug|Any CPU
		Release|Any CPU = Release|Any CPU
	EndGlobalSection
	GlobalSection(ProjectConfigurationPlatforms) = postSolution
		{64C98343-215F-4EF6-993C-16C679C67FCB}.Debug|Any CPU.ActiveCfg = Debug|Any CPU
		{64C98343-215F-4EF6-993C-16C679C67FCB}.Debug|Any CPU.Build.0 = Debug|Any CPU
		{64C98343-215F-4EF6-993C-16C679C67FCB}.Release|Any CPU.ActiveCfg = Release|Any CPU
		{64C98343-215F-4EF6-993C-16C679C67FCB}.Release|Any CPU.Build.0 = Release|Any CPU
	EndGlobalSection
	GlobalSection(SolutionProperties) = preSolution
		HideSolutionNode = FALSE
	EndGlobalSection
	GlobalSection(ExtensibilityGlobals) = postSolution
		SolutionGuid = {2B6645D7-892E-4CC1-A64C-4DE8C2508CF7}
	EndGlobalSection
EndGlobal
